{
    "_readme": [
        "This file locks the dependencies of your project to a known state",
        "Read more about it at http://getcomposer.org/doc/01-basic-usage.md#composer-lock-the-lock-file",
        "This file is @generated automatically"
    ],
    "hash": "2743cd92a4054fb41a51749547553e58",
    "packages": [
        {
            "name": "bower-asset/jquery",
            "version": "2.1.4",
            "source": {
                "type": "git",
                "url": "https://github.com/jquery/jquery.git",
                "reference": "7751e69b615c6eca6f783a81e292a55725af6b85"
            },
            "dist": {
                "type": "zip",
                "url": "https://api.github.com/repos/jquery/jquery/zipball/7751e69b615c6eca6f783a81e292a55725af6b85",
                "reference": "7751e69b615c6eca6f783a81e292a55725af6b85",
                "shasum": ""
            },
            "require-dev": {
                "bower-asset/qunit": "1.14.0",
                "bower-asset/requirejs": "2.1.10",
                "bower-asset/sinon": "1.8.1",
                "bower-asset/sizzle": "2.1.1-patch2"
            },
            "type": "bower-asset-library",
            "extra": {
                "bower-asset-main": "dist/jquery.js",
                "bower-asset-ignore": [
                    "**/.*",
                    "build",
                    "dist/cdn",
                    "speed",
                    "test",
                    "*.md",
                    "AUTHORS.txt",
                    "Gruntfile.js",
                    "package.json"
                ]
            },
            "license": [
                "MIT"
            ],
            "keywords": [
                "javascript",
                "jquery",
                "library"
            ]
        },
        {
            "name": "bower-asset/jquery.inputmask",
            "version": "3.1.62",
            "source": {
                "type": "git",
                "url": "https://github.com/RobinHerbots/jquery.inputmask.git",
                "reference": "da1a274cefa18a52a0519ac7ffe8e8d31e950eae"
            },
            "dist": {
                "type": "zip",
                "url": "https://api.github.com/repos/RobinHerbots/jquery.inputmask/zipball/da1a274cefa18a52a0519ac7ffe8e8d31e950eae",
                "reference": "da1a274cefa18a52a0519ac7ffe8e8d31e950eae",
                "shasum": ""
            },
            "require": {
                "bower-asset/jquery": ">=1.7"
            },
            "type": "bower-asset-library",
            "extra": {
                "bower-asset-main": [
                    "./dist/inputmask/jquery.inputmask.js",
                    "./dist/inputmask/jquery.inputmask.extensions.js",
                    "./dist/inputmask/jquery.inputmask.date.extensions.js",
                    "./dist/inputmask/jquery.inputmask.numeric.extensions.js",
                    "./dist/inputmask/jquery.inputmask.phone.extensions.js",
                    "./dist/inputmask/jquery.inputmask.regex.extensions.js"
                ],
                "bower-asset-ignore": [
                    "**/.*",
                    "qunit/",
                    "nuget/",
                    "tools/",
                    "js/",
                    "*.md",
                    "build.properties",
                    "build.xml",
                    "jquery.inputmask.jquery.json"
                ]
            },
            "license": [
                "http://opensource.org/licenses/mit-license.php"
            ],
            "description": "jquery.inputmask is a jquery plugin which create an input mask.",
            "keywords": [
                "form",
                "input",
                "inputmask",
                "jquery",
                "mask",
                "plugins"
            ]
        },
        {
            "name": "bower-asset/punycode",
            "version": "v1.3.2",
            "source": {
                "type": "git",
                "url": "https://github.com/bestiejs/punycode.js.git",
                "reference": "38c8d3131a82567bfef18da09f7f4db68c84f8a3"
            },
            "dist": {
                "type": "zip",
                "url": "https://api.github.com/repos/bestiejs/punycode.js/zipball/38c8d3131a82567bfef18da09f7f4db68c84f8a3",
                "reference": "38c8d3131a82567bfef18da09f7f4db68c84f8a3",
                "shasum": ""
            },
            "type": "bower-asset-library",
            "extra": {
                "bower-asset-main": "punycode.js",
                "bower-asset-ignore": [
                    "coverage",
                    "tests",
                    ".*",
                    "component.json",
                    "Gruntfile.js",
                    "node_modules",
                    "package.json"
                ]
            }
        },
        {
            "name": "bower-asset/yii2-pjax",
            "version": "v2.0.4",
            "source": {
                "type": "git",
                "url": "https://github.com/yiisoft/jquery-pjax.git",
                "reference": "3f20897307cca046fca5323b318475ae9dac0ca0"
            },
            "dist": {
                "type": "zip",
                "url": "https://api.github.com/repos/yiisoft/jquery-pjax/zipball/3f20897307cca046fca5323b318475ae9dac0ca0",
                "reference": "3f20897307cca046fca5323b318475ae9dac0ca0",
                "shasum": ""
            },
            "require": {
                "bower-asset/jquery": ">=1.8"
            },
            "type": "bower-asset-library",
            "extra": {
                "bower-asset-main": "./jquery.pjax.js",
                "bower-asset-ignore": [
                    ".travis.yml",
                    "Gemfile",
                    "Gemfile.lock",
                    "vendor/",
                    "script/",
                    "test/"
                ]
            },
            "license": [
                "MIT"
            ]
        },
        {
            "name": "cebe/markdown",
            "version": "1.0.2",
            "source": {
                "type": "git",
                "url": "https://github.com/cebe/markdown.git",
                "reference": "f681fee8303310415b746f3758eeda0a7ad08bda"
            },
            "dist": {
                "type": "zip",
                "url": "https://api.github.com/repos/cebe/markdown/zipball/f681fee8303310415b746f3758eeda0a7ad08bda",
                "reference": "f681fee8303310415b746f3758eeda0a7ad08bda",
                "shasum": ""
            },
            "require": {
                "lib-pcre": "*",
                "php": ">=5.4.0"
            },
            "require-dev": {
                "cebe/indent": "*",
                "facebook/xhprof": "*@dev",
                "phpunit/phpunit": "3.7.*"
            },
            "bin": [
                "bin/markdown"
            ],
            "type": "library",
            "extra": {
                "branch-alias": {
                    "dev-master": "1.0.x-dev"
                }
            },
            "autoload": {
                "psr-4": {
                    "cebe\\markdown\\": ""
                }
            },
            "notification-url": "https://packagist.org/downloads/",
            "license": [
                "MIT"
            ],
            "authors": [
                {
                    "name": "Carsten Brandt",
                    "email": "mail@cebe.cc",
                    "homepage": "http://cebe.cc/",
                    "role": "Creator"
                }
            ],
            "description": "A super fast, highly extensible markdown parser for PHP",
            "homepage": "https://github.com/cebe/markdown#readme",
            "keywords": [
                "extensible",
                "fast",
                "gfm",
                "markdown",
                "markdown-extra"
            ],
            "time": "2015-03-06 05:21:16"
        },
        {
            "name": "ezyang/htmlpurifier",
            "version": "v4.6.0",
            "source": {
                "type": "git",
                "url": "https://github.com/ezyang/htmlpurifier.git",
                "reference": "6f389f0f25b90d0b495308efcfa073981177f0fd"
            },
            "dist": {
                "type": "zip",
                "url": "https://api.github.com/repos/ezyang/htmlpurifier/zipball/6f389f0f25b90d0b495308efcfa073981177f0fd",
                "reference": "6f389f0f25b90d0b495308efcfa073981177f0fd",
                "shasum": ""
            },
            "require": {
                "php": ">=5.2"
            },
            "type": "library",
            "autoload": {
                "psr-0": {
                    "HTMLPurifier": "library/"
                },
                "files": [
                    "library/HTMLPurifier.composer.php"
                ]
            },
            "notification-url": "https://packagist.org/downloads/",
            "license": [
                "LGPL"
            ],
            "authors": [
                {
                    "name": "Edward Z. Yang",
                    "email": "admin@htmlpurifier.org",
                    "homepage": "http://ezyang.com"
                }
            ],
            "description": "Standards compliant HTML filter written in PHP",
            "homepage": "http://htmlpurifier.org/",
            "keywords": [
                "html"
            ],
            "time": "2013-11-30 08:25:19"
        },
        {
            "name": "symfony/css-selector",
            "version": "v2.6.6",
            "target-dir": "Symfony/Component/CssSelector",
            "source": {
                "type": "git",
                "url": "https://github.com/symfony/CssSelector.git",
                "reference": "db2c48df9658423a8c168d89f7b971b73d3d74a4"
            },
            "dist": {
                "type": "zip",
                "url": "https://api.github.com/repos/symfony/CssSelector/zipball/db2c48df9658423a8c168d89f7b971b73d3d74a4",
                "reference": "db2c48df9658423a8c168d89f7b971b73d3d74a4",
                "shasum": ""
            },
            "require": {
                "php": ">=5.3.3"
            },
            "require-dev": {
                "symfony/phpunit-bridge": "~2.7"
            },
            "type": "library",
            "extra": {
                "branch-alias": {
                    "dev-master": "2.6-dev"
                }
            },
            "autoload": {
                "psr-0": {
                    "Symfony\\Component\\CssSelector\\": ""
                }
            },
            "notification-url": "https://packagist.org/downloads/",
            "license": [
                "MIT"
            ],
            "authors": [
                {
                    "name": "Symfony Community",
                    "homepage": "http://symfony.com/contributors"
                },
                {
                    "name": "Jean-François Simon",
                    "email": "jeanfrancois.simon@sensiolabs.com"
                },
                {
                    "name": "Fabien Potencier",
                    "email": "fabien@symfony.com"
                }
            ],
            "description": "Symfony CssSelector Component",
            "homepage": "http://symfony.com",
            "time": "2015-03-22 16:55:57"
        },
        {
            "name": "symfony/dom-crawler",
            "version": "v2.6.6",
            "target-dir": "Symfony/Component/DomCrawler",
            "source": {
                "type": "git",
                "url": "https://github.com/symfony/DomCrawler.git",
                "reference": "8897ebf39c7dfb752a5494fa301845a3fbb9e53d"
            },
            "dist": {
                "type": "zip",
                "url": "https://api.github.com/repos/symfony/DomCrawler/zipball/8897ebf39c7dfb752a5494fa301845a3fbb9e53d",
                "reference": "8897ebf39c7dfb752a5494fa301845a3fbb9e53d",
                "shasum": ""
            },
            "require": {
                "php": ">=5.3.3"
            },
            "require-dev": {
                "symfony/css-selector": "~2.3",
                "symfony/phpunit-bridge": "~2.7"
            },
            "suggest": {
                "symfony/css-selector": ""
            },
            "type": "library",
            "extra": {
                "branch-alias": {
                    "dev-master": "2.6-dev"
                }
            },
            "autoload": {
                "psr-0": {
                    "Symfony\\Component\\DomCrawler\\": ""
                }
            },
            "notification-url": "https://packagist.org/downloads/",
            "license": [
                "MIT"
            ],
            "authors": [
                {
                    "name": "Symfony Community",
                    "homepage": "http://symfony.com/contributors"
                },
                {
                    "name": "Fabien Potencier",
                    "email": "fabien@symfony.com"
                }
            ],
            "description": "Symfony DomCrawler Component",
            "homepage": "http://symfony.com",
            "time": "2015-03-30 15:54:10"
        },
        {
            "name": "yiisoft/yii2",
            "version": "2.0.3",
            "source": {
                "type": "git",
                "url": "https://github.com/yiisoft/yii2-framework.git",
                "reference": "85b773a384f3894d558905cb13522bb338c99dba"
            },
            "dist": {
                "type": "zip",
                "url": "https://api.github.com/repos/yiisoft/yii2-framework/zipball/85b773a384f3894d558905cb13522bb338c99dba",
                "reference": "85b773a384f3894d558905cb13522bb338c99dba",
                "shasum": ""
            },
            "require": {
                "bower-asset/jquery": "2.1.*@stable | 1.11.*@stable",
                "bower-asset/jquery.inputmask": "3.1.*",
                "bower-asset/punycode": "1.3.*",
                "bower-asset/yii2-pjax": ">=2.0.1",
                "cebe/markdown": "~1.0.0",
                "ext-mbstring": "*",
                "ezyang/htmlpurifier": "4.6.*",
                "lib-pcre": "*",
                "php": ">=5.4.0",
                "yiisoft/yii2-composer": "*"
            },
            "bin": [
                "yii"
            ],
            "type": "library",
            "extra": {
                "branch-alias": {
                    "dev-master": "2.0.x-dev"
                }
            },
            "autoload": {
                "psr-4": {
                    "yii\\": ""
                }
            },
            "notification-url": "https://packagist.org/downloads/",
            "license": [
                "BSD-3-Clause"
            ],
            "authors": [
                {
                    "name": "Qiang Xue",
                    "email": "qiang.xue@gmail.com",
                    "homepage": "http://www.yiiframework.com/",
                    "role": "Founder and project lead"
                },
                {
                    "name": "Alexander Makarov",
                    "email": "sam@rmcreative.ru",
                    "homepage": "http://rmcreative.ru/",
                    "role": "Core framework development"
                },
                {
                    "name": "Maurizio Domba",
                    "homepage": "http://mdomba.info/",
                    "role": "Core framework development"
                },
                {
                    "name": "Carsten Brandt",
                    "email": "mail@cebe.cc",
                    "homepage": "http://cebe.cc/",
                    "role": "Core framework development"
                },
                {
                    "name": "Timur Ruziev",
                    "email": "resurtm@gmail.com",
                    "homepage": "http://resurtm.com/",
                    "role": "Core framework development"
                },
                {
                    "name": "Paul Klimov",
                    "email": "klimov.paul@gmail.com",
                    "role": "Core framework development"
                }
            ],
            "description": "Yii PHP Framework Version 2",
            "homepage": "http://www.yiiframework.com/",
            "keywords": [
                "framework",
                "yii2"
            ],
            "time": "2015-03-01 06:22:44"
        },
        {
            "name": "yiisoft/yii2-composer",
            "version": "2.0.3",
            "source": {
                "type": "git",
                "url": "https://github.com/yiisoft/yii2-composer.git",
                "reference": "ca8d23707ae47d20b0454e4b135c156f6da6d7be"
            },
            "dist": {
                "type": "zip",
                "url": "https://api.github.com/repos/yiisoft/yii2-composer/zipball/ca8d23707ae47d20b0454e4b135c156f6da6d7be",
                "reference": "ca8d23707ae47d20b0454e4b135c156f6da6d7be",
                "shasum": ""
            },
            "require": {
                "composer-plugin-api": "1.0.0"
            },
            "type": "composer-plugin",
            "extra": {
                "class": "yii\\composer\\Plugin",
                "branch-alias": {
                    "dev-master": "2.0.x-dev"
                }
            },
            "autoload": {
                "psr-4": {
                    "yii\\composer\\": ""
                }
            },
            "notification-url": "https://packagist.org/downloads/",
            "license": [
                "BSD-3-Clause"
            ],
            "authors": [
                {
                    "name": "Qiang Xue",
                    "email": "qiang.xue@gmail.com"
                }
            ],
            "description": "The composer plugin for Yii extension installer",
            "keywords": [
                "composer",
                "extension installer",
                "yii2"
            ],
            "time": "2015-03-01 06:22:44"
        }
    ],
    "packages-dev": [
        {
            "name": "yiisoft/yii2-codeception",
            "version": "2.0.3",
            "source": {
                "type": "git",
                "url": "https://github.com/yiisoft/yii2-codeception.git",
                "reference": "c2fdee4e7e9846e141ceddeb4386325e921e375a"
            },
            "dist": {
                "type": "zip",
                "url": "https://api.github.com/repos/yiisoft/yii2-codeception/zipball/c2fdee4e7e9846e141ceddeb4386325e921e375a",
                "reference": "c2fdee4e7e9846e141ceddeb4386325e921e375a",
                "shasum": ""
            },
            "require": {
                "yiisoft/yii2": "*"
            },
            "type": "yii2-extension",
            "extra": {
                "branch-alias": {
                    "dev-master": "2.0.x-dev"
                }
            },
            "autoload": {
                "psr-4": {
                    "yii\\codeception\\": ""
                }
            },
            "notification-url": "https://packagist.org/downloads/",
            "license": [
                "BSD-3-Clause"
            ],
            "authors": [
                {
                    "name": "Mark Jebri",
                    "email": "mark.github@yandex.ru"
                }
            ],
            "description": "The Codeception integration for the Yii framework",
            "keywords": [
                "codeception",
                "yii2"
            ],
            "time": "2015-03-01 06:22:44"
        }
    ],
    "aliases": [],
    "minimum-stability": "stable",
    "stability-flags": [],
    "prefer-stable": false,
    "prefer-lowest": false,
    "platform": [],
    "platform-dev": []
}
